
Microsoft Visual Studio Solution File, Format Version 12.00
# Visual Studio 15
VisualStudioVersion = 15.0.28307.271
MinimumVisualStudioVersion = 10.0.40219.1
Project("{FAE04EC0-301F-11D3-BF4B-00C04F79EFBC}") = "React-Tutorial", "React-Tutorial\React-Tutorial.csproj", "{2DB68BE2-12E0-43F1-9535-9CBDECFB99C1}"
EndProject
Global
	GlobalSection(SolutionConfigurationPlatforms) = preSolution
		Debug|Any CPU = Debug|Any CPU
		Release|Any CPU = Release|Any CPU
	EndGlobalSection
	GlobalSection(ProjectConfigurationPlatforms) = postSolution
		{2DB68BE2-12E0-43F1-9535-9CBDECFB99C1}.Debug|Any CPU.ActiveCfg = Debug|Any CPU
		{2DB68BE2-12E0-43F1-9535-9CBDECFB99C1}.Debug|Any CPU.Build.0 = Debug|Any CPU
		{2DB68BE2-12E0-43F1-9535-9CBDECFB99C1}.Release|Any CPU.ActiveCfg = Release|Any CPU
		{2DB68BE2-12E0-43F1-9535-9CBDECFB99C1}.Release|Any CPU.Build.0 = Release|Any CPU
	EndGlobalSection
	GlobalSection(SolutionProperties) = preSolution
		HideSolutionNode = FALSE
	EndGlobalSection
	GlobalSection(ExtensibilityGlobals) = postSolution
		SolutionGuid = {B29CC84D-2142-4113-80B2-DEE6DA7BB2F4}
	EndGlobalSection
EndGlobal
